{
  "name": "99-problems-purescript",
  "version": "1.0.0",
  "lockfileVersion": 1,
  "requires": true,
  "dependencies": {
    "prettier": {
      "version": "1.18.2",
      "resolved": "https://registry.npmjs.org/prettier/-/prettier-1.18.2.tgz",
      "integrity": "sha512-OeHeMc0JhFE9idD4ZdtNibzY0+TPHSpSSb9h8FqtP+YnoZZ1sl8Vc9b1sasjfymH3SonAF4QcA2+mzHPhMvIiw==",
      "dev": true
    },
    "purty": {
      "version": "4.5.1",
      "resolved": "https://registry.npmjs.org/purty/-/purty-4.5.1.tgz",
      "integrity": "sha512-yS+5XAlri7P4YwA0UpJeLPfMSYpwl8Uk3c1ly/BXRGIyAgzxfIel7jpn3mgLKMwY5ALv/v0VRnY/K8I+EzD8vw==",
      "dev": true
    }
  }
}
